// !$*UTF8*$!
{
	archiveVersion = 1;
	classes = {
	};
	objectVersion = 50;
	objects = {

/* Begin PBXBuildFile section */
		BD7774A120C0BB89007DC0CF /* AppDelegate.swift in Sources */ = {isa = PBXBuildFile; fileRef = BD7774A020C0BB89007DC0CF /* AppDelegate.swift */; };
		BD7774A320C0BB89007DC0CF /* ViewController.swift in Sources */ = {isa = PBXBuildFile; fileRef = BD7774A220C0BB89007DC0CF /* ViewController.swift */; };
		BD7774A620C0BB89007DC0CF /* Main.storyboard in Resources */ = {isa = PBXBuildFile; fileRef = BD7774A420C0BB89007DC0CF /* Main.storyboard */; };
		BD7774A820C0BB8C007DC0CF /* Assets.xcassets in Resources */ = {isa = PBXBuildFile; fileRef = BD7774A720C0BB8C007DC0CF /* Assets.xcassets */; };
		BD7774AB20C0BB8C007DC0CF /* LaunchScreen.storyboard in Resources */ = {isa = PBXBuildFile; fileRef = BD7774A920C0BB8C007DC0CF /* LaunchScreen.storyboard */; };
		BD7774B420C0BDF1007DC0CF /* Constants.swift in Sources */ = {isa = PBXBuildFile; fileRef = BD7774B320C0BDF1007DC0CF /* Constants.swift */; };
/* End PBXBuildFile section */

/* Begin PBXFileReference section */
		BD77749D20C0BB89007DC0CF /* app501px.app */ = {isa = PBXFileReference; explicitFileType = wrapper.application; includeInIndex = 0; path = app501px.app; sourceTree = BUILT_PRODUCTS_DIR; };
		BD7774A020C0BB89007DC0CF /* AppDelegate.swift */ = {isa = PBXFileReference; lastKnownFileType = sourcecode.swift; path = AppDelegate.swift; sourceTree = "<group>"; };
		BD7774A220C0BB89007DC0CF /* ViewController.swift */ = {isa = PBXFileReference; lastKnownFileType = sourcecode.swift; path = ViewController.swift; sourceTree = "<group>"; };
		BD7774A520C0BB89007DC0CF /* Base */ = {isa = PBXFileReference; lastKnownFileType = file.storyboard; name = Base; path = Base.lproj/Main.storyboard; sourceTree = "<group>"; };
		BD7774A720C0BB8C007DC0CF /* Assets.xcassets */ = {isa = PBXFileReference; lastKnownFileType = folder.assetcatalog; path = Assets.xcassets; sourceTree = "<group>"; };
		BD7774AA20C0BB8C007DC0CF /* Base */ = {isa = PBXFileReference; lastKnownFileType = file.storyboard; name = Base; path = Base.lproj/LaunchScreen.storyboard; sourceTree = "<group>"; };
		BD7774AC20C0BB8C007DC0CF /* Info.plist */ = {isa = PBXFileReference; lastKnownFileType = text.plist.xml; path = Info.plist; sourceTree = "<group>"; };
		BD7774B320C0BDF1007DC0CF /* Constants.swift */ = {isa = PBXFileReference; lastKnownFileType = sourcecode.swift; path = Constants.swift; sourceTree = "<group>"; };
/* End PBXFileReference section */

/* Begin PBXFrameworksBuildPhase section */
		BD77749A20C0BB89007DC0CF /* Frameworks */ = {
			isa = PBXFrameworksBuildPhase;
			buildActionMask = 2147483647;
			files = (
			);
			runOnlyForDeploymentPostprocessing = 0;
		};
/* End PBXFrameworksBuildPhase section */

/* Begin PBXGroup section */
		BD77749420C0BB89007DC0CF = {
			isa = PBXGroup;
			children = (
				BD77749F20C0BB89007DC0CF /* app501px */,
				BD77749E20C0BB89007DC0CF /* Products */,
			);
			sourceTree = "<group>";
		};
		BD77749E20C0BB89007DC0CF /* Products */ = {
			isa = PBXGroup;
			children = (
				BD77749D20C0BB89007DC0CF /* app501px.app */,
			);
			name = Products;
			sourceTree = "<group>";
		};
		BD77749F20C0BB89007DC0CF /* app501px */ = {
			isa = PBXGroup;
			children = (
				BD7774B220C0BB9F007DC0CF /* Helpers */,
				BD7774A020C0BB89007DC0CF /* AppDelegate.swift */,
				BD7774A220C0BB89007DC0CF /* ViewController.swift */,
				BD7774A420C0BB89007DC0CF /* Main.storyboard */,
				BD7774A720C0BB8C007DC0CF /* Assets.xcassets */,
				BD7774A920C0BB8C007DC0CF /* LaunchScreen.storyboard */,
				BD7774AC20C0BB8C007DC0CF /* Info.plist */,
			);
			path = app501px;
			sourceTree = "<group>";
		};
		BD7774B220C0BB9F007DC0CF /* Helpers */ = {
			isa = PBXGroup;
			children = (
				BD7774B320C0BDF1007DC0CF /* Constants.swift */,
			);
			path = Helpers;
			sourceTree = "<group>";
		};
/* End PBXGroup section */

/* Begin PBXNativeTarget section */
		BD77749C20C0BB89007DC0CF /* app501px */ = {
			isa = PBXNativeTarget;
			buildConfigurationList = BD7774AF20C0BB8C007DC0CF /* Build configuration list for PBXNativeTarget "app501px" */;
			buildPhases = (
				BD77749920C0BB89007DC0CF /* Sources */,
				BD77749A20C0BB89007DC0CF /* Frameworks */,
				BD77749B20C0BB89007DC0CF /* Resources */,
			);
			buildRules = (
			);
			dependencies = (
			);
			name = app501px;
			productName = app501px;
			productReference = BD77749D20C0BB89007DC0CF /* app501px.app */;
			productType = "com.apple.product-type.application";
		};
/* End PBXNativeTarget section */

/* Begin PBXProject section */
		BD77749520C0BB89007DC0CF /* Project object */ = {
			isa = PBXProject;
			attributes = {
				LastSwiftUpdateCheck = 0930;
				LastUpgradeCheck = 0930;
				ORGANIZATIONNAME = "Raphael Araújo";
				TargetAttributes = {
					BD77749C20C0BB89007DC0CF = {
						CreatedOnToolsVersion = 9.3;
					};
				};
			};
			buildConfigurationList = BD77749820C0BB89007DC0CF /* Build configuration list for PBXProject "app501px" */;
			compatibilityVersion = "Xcode 9.3";
			developmentRegion = en;
			hasScannedForEncodings = 0;
			knownRegions = (
				en,
				Base,
			);
			mainGroup = BD77749420C0BB89007DC0CF;
			productRefGroup = BD77749E20C0BB89007DC0CF /* Products */;
			projectDirPath = "";
			projectRoot = "";
			targets = (
				BD77749C20C0BB89007DC0CF /* app501px */,
			);
		};
/* End PBXProject section */

/* Begin PBXResourcesBuildPhase section */
		BD77749B20C0BB89007DC0CF /* Resources */ = {
			isa = PBXResourcesBuildPhase;
			buildActionMask = 2147483647;
			files = (
				BD7774AB20C0BB8C007DC0CF /* LaunchScreen.storyboard in Resources */,
				BD7774A820C0BB8C007DC0CF /* Assets.xcassets in Resources */,
				BD7774A620C0BB89007DC0CF /* Main.storyboard in Resources */,
			);
			runOnlyForDeploymentPostprocessing = 0;
		};
/* End PBXResourcesBuildPhase section */

/* Begin PBXSourcesBuildPhase section */
		BD77749920C0BB89007DC0CF /* Sources */ = {
			isa = PBXSourcesBuildPhase;
			buildActionMask = 2147483647;
			files = (
				BD7774A320C0BB89007DC0CF /* ViewController.swift in Sources */,
				BD7774A120C0BB89007DC0CF /* AppDelegate.swift in Sources */,
				BD7774B420C0BDF1007DC0CF /* Constants.swift in Sources */,
			);
			runOnlyForDeploymentPostprocessing = 0;
		};
/* End PBXSourcesBuildPhase section */

/* Begin PBXVariantGroup section */
		BD7774A420C0BB89007DC0CF /* Main.storyboard */ = {
			isa = PBXVariantGroup;
			children = (
				BD7774A520C0BB89007DC0CF /* Base */,
			);
			name = Main.storyboard;
			sourceTree = "<group>";
		};
		BD7774A920C0BB8C007DC0CF /* LaunchScreen.storyboard */ = {
			isa = PBXVariantGroup;
			children = (
				BD7774AA20C0BB8C007DC0CF /* Base */,
			);
			name = LaunchScreen.storyboard;
			sourceTree = "<group>";
		};
/* End PBXVariantGroup section */

/* Begin XCBuildConfiguration section */
		BD7774AD20C0BB8C007DC0CF /* Debug */ = {
			isa = XCBuildConfiguration;
			buildSettings = {
				ALWAYS_SEARCH_USER_PATHS = NO;
				CLANG_ANALYZER_NONNULL = YES;
				CLANG_ANALYZER_NUMBER_OBJECT_CONVERSION = YES_AGGRESSIVE;
				CLANG_CXX_LANGUAGE_STANDARD = "gnu++14";
				CLANG_CXX_LIBRARY = "libc++";
				CLANG_ENABLE_MODULES = YES;
				CLANG_ENABLE_OBJC_ARC = YES;
				CLANG_ENABLE_OBJC_WEAK = YES;
				CLANG_WARN_BLOCK_CAPTURE_AUTORELEASING = YES;
				CLANG_WARN_BOOL_CONVERSION = YES;
				CLANG_WARN_COMMA = YES;
				CLANG_WARN_CONSTANT_CONVERSION = YES;
				CLANG_WARN_DEPRECATED_OBJC_IMPLEMENTATIONS = YES;
				CLANG_WARN_DIRECT_OBJC_ISA_USAGE = YES_ERROR;
				CLANG_WARN_DOCUMENTATION_COMMENTS = YES;
				CLANG_WARN_EMPTY_BODY = YES;
				CLANG_WARN_ENUM_CONVERSION = YES;
				CLANG_WARN_INFINITE_RECURSION = YES;
				CLANG_WARN_INT_CONVERSION = YES;
				CLANG_WARN_NON_LITERAL_NULL_CONVERSION = YES;
				CLANG_WARN_OBJC_IMPLICIT_RETAIN_SELF = YES;
				CLANG_WARN_OBJC_LITERAL_CONVERSION = YES;
				CLANG_WARN_OBJC_ROOT_CLASS = YES_ERROR;
				CLANG_WARN_RANGE_LOOP_ANALYSIS = YES;
				CLANG_WARN_STRICT_PROTOTYPES = YES;
				CLANG_WARN_SUSPICIOUS_MOVE = YES;
				CLANG_WARN_UNGUARDED_AVAILABILITY = YES_AGGRESSIVE;
				CLANG_WARN_UNREACHABLE_CODE = YES;
				CLANG_WARN__DUPLICATE_METHOD_MATCH = YES;
				CODE_SIGN_IDENTITY = "iPhone Developer";
				COPY_PHASE_STRIP = NO;
				DEBUG_INFORMATION_FORMAT = dwarf;
				ENABLE_STRICT_OBJC_MSGSEND = YES;
				ENABLE_TESTABILITY = YES;
				GCC_C_LANGUAGE_STANDARD = gnu11;
				GCC_DYNAMIC_NO_PIC = NO;
				GCC_NO_COMMON_BLOCKS = YES;
				GCC_OPTIMIZATION_LEVEL = 0;
				GCC_PREPROCESSOR_DEFINITIONS = (
					"DEBUG=1",
					"$(inherited)",
				);
				GCC_WARN_64_TO_32_BIT_CONVERSION = YES;
				GCC_WARN_ABOUT_RETURN_TYPE = YES_ERROR;
				GCC_WARN_UNDECLARED_SELECTOR = YES;
				GCC_WARN_UNINITIALIZED_AUTOS = YES_AGGRESSIVE;
				GCC_WARN_UNUSED_FUNCTION = YES;
				GCC_WARN_UNUSED_VARIABLE = YES;
				IPHONEOS_DEPLOYMENT_TARGET = 11.3;
				MTL_ENABLE_DEBUG_INFO = YES;
				ONLY_ACTIVE_ARCH = YES;
				SDKROOT = iphoneos;
				SWIFT_ACTIVE_COMPILATION_CONDITIONS = DEBUG;
				SWIFT_OPTIMIZATION_LEVEL = "-Onone";
			};
			name = Debug;
		};
		BD7774AE20C0BB8C007DC0CF /* Release */ = {
			isa = XCBuildConfiguration;
			buildSettings = {
				ALWAYS_SEARCH_USER_PATHS = NO;
				CLANG_ANALYZER_NONNULL = YES;
				CLANG_ANALYZER_NUMBER_OBJECT_CONVERSION = YES_AGGRESSIVE;
				CLANG_CXX_LANGUAGE_STANDARD = "gnu++14";
				CLANG_CXX_LIBRARY = "libc++";
				CLANG_ENABLE_MODULES = YES;
				CLANG_ENABLE_OBJC_ARC = YES;
				CLANG_ENABLE_OBJC_WEAK = YES;
				CLANG_WARN_BLOCK_CAPTURE_AUTORELEASING = YES;
				CLANG_WARN_BOOL_CONVERSION = YES;
				CLANG_WARN_COMMA = YES;
				CLANG_WARN_CONSTANT_CONVERSION = YES;
				CLANG_WARN_DEPRECATED_OBJC_IMPLEMENTATIONS = YES;
				CLANG_WARN_DIRECT_OBJC_ISA_USAGE = YES_ERROR;
				CLANG_WARN_DOCUMENTATION_COMMENTS = YES;
				CLANG_WARN_EMPTY_BODY = YES;
				CLANG_WARN_ENUM_CONVERSION = YES;
				CLANG_WARN_INFINITE_RECURSION = YES;
				CLANG_WARN_INT_CONVERSION = YES;
				CLANG_WARN_NON_LITERAL_NULL_CONVERSION = YES;
				CLANG_WARN_OBJC_IMPLICIT_RETAIN_SELF = YES;
				CLANG_WARN_OBJC_LITERAL_CONVERSION = YES;
				CLANG_WARN_OBJC_ROOT_CLASS = YES_ERROR;
				CLANG_WARN_RANGE_LOOP_ANALYSIS = YES;
				CLANG_WARN_STRICT_PROTOTYPES = YES;
				CLANG_WARN_SUSPICIOUS_MOVE = YES;
				CLANG_WARN_UNGUARDED_AVAILABILITY = YES_AGGRESSIVE;
				CLANG_WARN_UNREACHABLE_CODE = YES;
				CLANG_WARN__DUPLICATE_METHOD_MATCH = YES;
				CODE_SIGN_IDENTITY = "iPhone Developer";
				COPY_PHASE_STRIP = NO;
				DEBUG_INFORMATION_FORMAT = "dwarf-with-dsym";
				ENABLE_NS_ASSERTIONS = NO;
				ENABLE_STRICT_OBJC_MSGSEND = YES;
				GCC_C_LANGUAGE_STANDARD = gnu11;
				GCC_NO_COMMON_BLOCKS = YES;
				GCC_WARN_64_TO_32_BIT_CONVERSION = YES;
				GCC_WARN_ABOUT_RETURN_TYPE = YES_ERROR;
				GCC_WARN_UNDECLARED_SELECTOR = YES;
				GCC_WARN_UNINITIALIZED_AUTOS = YES_AGGRESSIVE;
				GCC_WARN_UNUSED_FUNCTION = YES;
				GCC_WARN_UNUSED_VARIABLE = YES;
				IPHONEOS_DEPLOYMENT_TARGET = 11.3;
				MTL_ENABLE_DEBUG_INFO = NO;
				SDKROOT = iphoneos;
				SWIFT_COMPILATION_MODE = wholemodule;
				SWIFT_OPTIMIZATION_LEVEL = "-O";
				VALIDATE_PRODUCT = YES;
			};
			name = Release;
		};
		BD7774B020C0BB8C007DC0CF /* Debug */ = {
			isa = XCBuildConfiguration;
			buildSettings = {
				ASSETCATALOG_COMPILER_APPICON_NAME = AppIcon;
				CODE_SIGN_STYLE = Automatic;
				DEVELOPMENT_TEAM = MFV828C5Z2;
				INFOPLIST_FILE = app501px/Info.plist;
				IPHONEOS_DEPLOYMENT_TARGET = 11.0;
				LD_RUNPATH_SEARCH_PATHS = (
					"$(inherited)",
					"@executable_path/Frameworks",
				);
				PRODUCT_BUNDLE_IDENTIFIER = com.araujoraphael.app501px;
				PRODUCT_NAME = "$(TARGET_NAME)";
				SWIFT_VERSION = 4.0;
				TARGETED_DEVICE_FAMILY = "1,2";
			};
			name = Debug;
		};
		BD7774B120C0BB8C007DC0CF /* Release */ = {
			isa = XCBuildConfiguration;
			buildSettings = {
				ASSETCATALOG_COMPILER_APPICON_NAME = AppIcon;
				CODE_SIGN_STYLE = Automatic;
				DEVELOPMENT_TEAM = MFV828C5Z2;
				INFOPLIST_FILE = app501px/Info.plist;
				IPHONEOS_DEPLOYMENT_TARGET = 11.0;
				LD_RUNPATH_SEARCH_PATHS = (
					"$(inherited)",
					"@executable_path/Frameworks",
				);
				PRODUCT_BUNDLE_IDENTIFIER = com.araujoraphael.app501px;
				PRODUCT_NAME = "$(TARGET_NAME)";
				SWIFT_VERSION = 4.0;
				TARGETED_DEVICE_FAMILY = "1,2";
			};
			name = Release;
		};
/* End XCBuildConfiguration section */

/* Begin XCConfigurationList section */
		BD77749820C0BB89007DC0CF /* Build configuration list for PBXProject "app501px" */ = {
			isa = XCConfigurationList;
			buildConfigurations = (
				BD7774AD20C0BB8C007DC0CF /* Debug */,
				BD7774AE20C0BB8C007DC0CF /* Release */,
			);
			defaultConfigurationIsVisible = 0;
			defaultConfigurationName = Release;
		};
		BD7774AF20C0BB8C007DC0CF /* Build configuration list for PBXNativeTarget "app501px" */ = {
			isa = XCConfigurationList;
			buildConfigurations = (
				BD7774B020C0BB8C007DC0CF /* Debug */,
				BD7774B120C0BB8C007DC0CF /* Release */,
			);
			defaultConfigurationIsVisible = 0;
			defaultConfigurationName = Release;
		};
/* End XCConfigurationList section */
	};
	rootObject = BD77749520C0BB89007DC0CF /* Project object */;
}
